// !$*UTF8*$!
{
	archiveVersion = 1;
	classes = {
	};
	objectVersion = 60;
	objects = {

/* Begin PBXBuildFile section */
		100000000000000000000001 /* ViimApp.swift in Sources */ = {isa = PBXBuildFile; fileRef = 100000000000000000000101 /* ViimApp.swift */; };
		100000000000000000000002 /* RootTabView.swift in Sources */ = {isa = PBXBuildFile; fileRef = 100000000000000000000102 /* RootTabView.swift */; };
		100000000000000000000003 /* ViimColors.swift in Sources */ = {isa = PBXBuildFile; fileRef = 100000000000000000000103 /* ViimColors.swift */; };
		100000000000000000000004 /* ViimCard.swift in Sources */ = {isa = PBXBuildFile; fileRef = 100000000000000000000104 /* ViimCard.swift */; };
		100000000000000000000005 /* AccueilView.swift in Sources */ = {isa = PBXBuildFile; fileRef = 100000000000000000000105 /* AccueilView.swift */; };
		100000000000000000000006 /* ConduiteView.swift in Sources */ = {isa = PBXBuildFile; fileRef = 100000000000000000000106 /* ConduiteView.swift */; };
		100000000000000000000007 /* AssistanceView.swift in Sources */ = {isa = PBXBuildFile; fileRef = 100000000000000000000107 /* AssistanceView.swift */; };
		100000000000000000000008 /* PreventionView.swift in Sources */ = {isa = PBXBuildFile; fileRef = 100000000000000000000108 /* PreventionView.swift */; };
		100000000000000000000009 /* ProfilView.swift in Sources */ = {isa = PBXBuildFile; fileRef = 100000000000000000000109 /* ProfilView.swift */; };
		10000000000000000000000A /* VehicleType.swift in Sources */ = {isa = PBXBuildFile; fileRef = 10000000000000000000010A /* VehicleType.swift */; };
		10000000000000000000000B /* SensorFiltering.swift in Sources */ = {isa = PBXBuildFile; fileRef = 10000000000000000000010B /* SensorFiltering.swift */; };
		10000000000000000000000C /* LocationService.swift in Sources */ = {isa = PBXBuildFile; fileRef = 10000000000000000000010C /* LocationService.swift */; };
		10000000000000000000000D /* PersistenceController.swift in Sources */ = {isa = PBXBuildFile; fileRef = 10000000000000000000010D /* PersistenceController.swift */; };
		100000000000000000000011 /* OnboardingStore.swift in Sources */ = {isa = PBXBuildFile; fileRef = 100000000000000000000114 /* OnboardingStore.swift */; };
		100000000000000000000012 /* OnboardingView.swift in Sources */ = {isa = PBXBuildFile; fileRef = 100000000000000000000115 /* OnboardingView.swift */; };
		200000000000000000000001 /* VehiclePhotoCatalog.swift in Sources */ = {isa = PBXBuildFile; fileRef = 200000000000000000000101 /* VehiclePhotoCatalog.swift */; };
		200000000000000000000002 /* VehiclePhotoCatalogTests.swift in Sources */ = {isa = PBXBuildFile; fileRef = 200000000000000000000103 /* VehiclePhotoCatalogTests.swift */; };
		300000000000000000000001 /* TripStore.swift in Sources */ = {isa = PBXBuildFile; fileRef = 300000000000000000000101 /* TripStore.swift */; };
		300000000000000000000002 /* TripManager.swift in Sources */ = {isa = PBXBuildFile; fileRef = 300000000000000000000102 /* TripManager.swift */; };
		300000000000000000000003 /* TripStoreTests.swift in Sources */ = {isa = PBXBuildFile; fileRef = 300000000000000000000103 /* TripStoreTests.swift */; };
		400000000000000000000001 /* MotionActivityService.swift in Sources */ = {isa = PBXBuildFile; fileRef = 400000000000000000000101 /* MotionActivityService.swift */; };
		400000000000000000000002 /* MotionActivityServiceTests.swift in Sources */ = {isa = PBXBuildFile; fileRef = 400000000000000000000102 /* MotionActivityServiceTests.swift */; };
		500000000000000000000001 /* ViimDiagnostics.swift in Sources */ = {isa = PBXBuildFile; fileRef = 500000000000000000000101 /* ViimDiagnostics.swift */; };
		600000000000000000000001 /* LocationServiceTests.swift in Sources */ = {isa = PBXBuildFile; fileRef = 600000000000000000000101 /* LocationServiceTests.swift */; };
		700000000000000000000001 /* BackendAPIClient.swift in Sources */ = {isa = PBXBuildFile; fileRef = 700000000000000000000101 /* BackendAPIClient.swift */; };
		700000000000000000000002 /* MedicalVault.swift in Sources */ = {isa = PBXBuildFile; fileRef = 700000000000000000000102 /* MedicalVault.swift */; };
		800000000000000000000001 /* BurkinaPhoneNumber.swift in Sources */ = {isa = PBXBuildFile; fileRef = 800000000000000000000101 /* BurkinaPhoneNumber.swift */; };
		800000000000000000000002 /* AssistanceDiagnosticsTests.swift in Sources */ = {isa = PBXBuildFile; fileRef = 800000000000000000000102 /* AssistanceDiagnosticsTests.swift */; };
		900000000000000000000001 /* ScoreEngine.swift in Sources */ = {isa = PBXBuildFile; fileRef = 900000000000000000000101 /* ScoreEngine.swift */; };
		900000000000000000000002 /* NetworkStatusService.swift in Sources */ = {isa = PBXBuildFile; fileRef = 900000000000000000000102 /* NetworkStatusService.swift */; };
		900000000000000000000003 /* ScoreEngineTests.swift in Sources */ = {isa = PBXBuildFile; fileRef = 900000000000000000000103 /* ScoreEngineTests.swift */; };
		900000000000000000000004 /* NetworkStatusServiceTests.swift in Sources */ = {isa = PBXBuildFile; fileRef = 900000000000000000000104 /* NetworkStatusServiceTests.swift */; };
		900000000000000000000005 /* TripManagerTests.swift in Sources */ = {isa = PBXBuildFile; fileRef = 900000000000000000000105 /* TripManagerTests.swift */; };
		900000000000000000000006 /* TripReliability.swift in Sources */ = {isa = PBXBuildFile; fileRef = 900000000000000000000106 /* TripReliability.swift */; };
		900000000000000000000007 /* TripReliabilityTests.swift in Sources */ = {isa = PBXBuildFile; fileRef = 900000000000000000000107 /* TripReliabilityTests.swift */; };
		900000000000000000000008 /* VehicleFuelCatalog.swift in Sources */ = {isa = PBXBuildFile; fileRef = 900000000000000000000108 /* VehicleFuelCatalog.swift */; };
		900000000000000000000009 /* VehicleFuelCatalogTests.swift in Sources */ = {isa = PBXBuildFile; fileRef = 900000000000000000000109 /* VehicleFuelCatalogTests.swift */; };
		90000000000000000000000A /* TripQualityEngine.swift in Sources */ = {isa = PBXBuildFile; fileRef = 90000000000000000000010A /* TripQualityEngine.swift */; };
		90000000000000000000000B /* TripQualityEngineTests.swift in Sources */ = {isa = PBXBuildFile; fileRef = 90000000000000000000010B /* TripQualityEngineTests.swift */; };
		910000000000000000000001 /* ActiveTripJournal.swift in Sources */ = {isa = PBXBuildFile; fileRef = 910000000000000000000101 /* ActiveTripJournal.swift */; };
		910000000000000000000002 /* TripRecorder.swift in Sources */ = {isa = PBXBuildFile; fileRef = 910000000000000000000102 /* TripRecorder.swift */; };
		910000000000000000000003 /* ActiveTripJournalTests.swift in Sources */ = {isa = PBXBuildFile; fileRef = 910000000000000000000103 /* ActiveTripJournalTests.swift */; };
		910000000000000000000004 /* TripRecorderTests.swift in Sources */ = {isa = PBXBuildFile; fileRef = 910000000000000000000104 /* TripRecorderTests.swift */; };
		920000000000000000000001 /* DrivingDynamics.swift in Sources */ = {isa = PBXBuildFile; fileRef = 920000000000000000000101 /* DrivingDynamics.swift */; };
		920000000000000000000002 /* MaintenanceStore.swift in Sources */ = {isa = PBXBuildFile; fileRef = 920000000000000000000102 /* MaintenanceStore.swift */; };
		920000000000000000000003 /* DrivingDynamicsTests.swift in Sources */ = {isa = PBXBuildFile; fileRef = 920000000000000000000103 /* DrivingDynamicsTests.swift */; };
		920000000000000000000004 /* MaintenanceStoreTests.swift in Sources */ = {isa = PBXBuildFile; fileRef = 920000000000000000000104 /* MaintenanceStoreTests.swift */; };
		10000000000000000000000E /* Localizable.strings in Resources */ = {isa = PBXBuildFile; fileRef = 10000000000000000000010E /* Localizable.strings */; };
		10000000000000000000000F /* InfoPlist.strings in Resources */ = {isa = PBXBuildFile; fileRef = 10000000000000000000010F /* InfoPlist.strings */; };
		100000000000000000000010 /* Assets.xcassets in Resources */ = {isa = PBXBuildFile; fileRef = 100000000000000000000110 /* Assets.xcassets */; };
		100000000000000000000013 /* LaunchScreen.storyboard in Resources */ = {isa = PBXBuildFile; fileRef = 100000000000000000000116 /* LaunchScreen.storyboard */; };
/* End PBXBuildFile section */

/* Begin PBXContainerItemProxy section */
		200000000000000000000902 /* PBXContainerItemProxy */ = {
			isa = PBXContainerItemProxy;
			containerPortal = 100000000000000000000601 /* Project object */;
			proxyType = 1;
			remoteGlobalIDString = 100000000000000000000401;
			remoteInfo = Viim;
		};
/* End PBXContainerItemProxy section */

/* Begin PBXFileReference section */
		100000000000000000000101 /* ViimApp.swift */ = {isa = PBXFileReference; lastKnownFileType = sourcecode.swift; path = App/ViimApp.swift; sourceTree = "<group>"; };
		100000000000000000000102 /* RootTabView.swift */ = {isa = PBXFileReference; lastKnownFileType = sourcecode.swift; path = App/RootTabView.swift; sourceTree = "<group>"; };
		100000000000000000000103 /* ViimColors.swift */ = {isa = PBXFileReference; lastKnownFileType = sourcecode.swift; path = DesignSystem/ViimColors.swift; sourceTree = "<group>"; };
		100000000000000000000104 /* ViimCard.swift */ = {isa = PBXFileReference; lastKnownFileType = sourcecode.swift; path = DesignSystem/ViimCard.swift; sourceTree = "<group>"; };
		100000000000000000000105 /* AccueilView.swift */ = {isa = PBXFileReference; lastKnownFileType = sourcecode.swift; path = Features/Accueil/AccueilView.swift; sourceTree = "<group>"; };
		100000000000000000000106 /* ConduiteView.swift */ = {isa = PBXFileReference; lastKnownFileType = sourcecode.swift; path = Features/Conduite/ConduiteView.swift; sourceTree = "<group>"; };
		100000000000000000000107 /* AssistanceView.swift */ = {isa = PBXFileReference; lastKnownFileType = sourcecode.swift; path = Features/Assistance/AssistanceView.swift; sourceTree = "<group>"; };
		100000000000000000000108 /* PreventionView.swift */ = {isa = PBXFileReference; lastKnownFileType = sourcecode.swift; path = Features/Prevention/PreventionView.swift; sourceTree = "<group>"; };
		100000000000000000000109 /* ProfilView.swift */ = {isa = PBXFileReference; lastKnownFileType = sourcecode.swift; path = Features/Profil/ProfilView.swift; sourceTree = "<group>"; };
		10000000000000000000010A /* VehicleType.swift */ = {isa = PBXFileReference; lastKnownFileType = sourcecode.swift; path = Services/VehicleType.swift; sourceTree = "<group>"; };
		10000000000000000000010B /* SensorFiltering.swift */ = {isa = PBXFileReference; lastKnownFileType = sourcecode.swift; path = Services/SensorFiltering.swift; sourceTree = "<group>"; };
		10000000000000000000010C /* LocationService.swift */ = {isa = PBXFileReference; lastKnownFileType = sourcecode.swift; path = Services/LocationService.swift; sourceTree = "<group>"; };
		200000000000000000000101 /* VehiclePhotoCatalog.swift */ = {isa = PBXFileReference; lastKnownFileType = sourcecode.swift; path = Services/VehiclePhotoCatalog.swift; sourceTree = "<group>"; };
		300000000000000000000102 /* TripManager.swift */ = {isa = PBXFileReference; lastKnownFileType = sourcecode.swift; path = Services/TripManager.swift; sourceTree = "<group>"; };
		400000000000000000000101 /* MotionActivityService.swift */ = {isa = PBXFileReference; lastKnownFileType = sourcecode.swift; path = Services/MotionActivityService.swift; sourceTree = "<group>"; };
		500000000000000000000101 /* ViimDiagnostics.swift */ = {isa = PBXFileReference; lastKnownFileType = sourcecode.swift; path = Services/ViimDiagnostics.swift; sourceTree = "<group>"; };
		10000000000000000000010D /* PersistenceController.swift */ = {isa = PBXFileReference; lastKnownFileType = sourcecode.swift; path = Persistence/PersistenceController.swift; sourceTree = "<group>"; };
		300000000000000000000101 /* TripStore.swift */ = {isa = PBXFileReference; lastKnownFileType = sourcecode.swift; path = Persistence/TripStore.swift; sourceTree = "<group>"; };
		100000000000000000000114 /* OnboardingStore.swift */ = {isa = PBXFileReference; lastKnownFileType = sourcecode.swift; path = OnboardingStore.swift; sourceTree = "<group>"; };
		100000000000000000000115 /* OnboardingView.swift */ = {isa = PBXFileReference; lastKnownFileType = sourcecode.swift; path = OnboardingView.swift; sourceTree = "<group>"; };
		10000000000000000000010E /* Localizable.strings */ = {isa = PBXFileReference; lastKnownFileType = text.plist.strings; path = fr.lproj/Localizable.strings; sourceTree = "<group>"; };
		10000000000000000000010F /* InfoPlist.strings */ = {isa = PBXFileReference; lastKnownFileType = text.plist.strings; path = fr.lproj/InfoPlist.strings; sourceTree = "<group>"; };
		100000000000000000000110 /* Assets.xcassets */ = {isa = PBXFileReference; lastKnownFileType = folder.assetcatalog; path = Assets.xcassets; sourceTree = "<group>"; };
		100000000000000000000111 /* Info.plist */ = {isa = PBXFileReference; lastKnownFileType = text.plist.xml; path = Info.plist; sourceTree = "<group>"; };
		100000000000000000000112 /* Viim.entitlements */ = {isa = PBXFileReference; lastKnownFileType = text.plist.entitlements; path = Viim.entitlements; sourceTree = "<group>"; };
		100000000000000000000113 /* Viim.app */ = {isa = PBXFileReference; explicitFileType = wrapper.application; includeInIndex = 0; path = Viim.app; sourceTree = BUILT_PRODUCTS_DIR; };
		100000000000000000000116 /* LaunchScreen.storyboard */ = {isa = PBXFileReference; lastKnownFileType = file.storyboard; path = LaunchScreen.storyboard; sourceTree = "<group>"; };
		200000000000000000000102 /* ViimTests.xctest */ = {isa = PBXFileReference; explicitFileType = wrapper.cfbundle; includeInIndex = 0; path = ViimTests.xctest; sourceTree = BUILT_PRODUCTS_DIR; };
		200000000000000000000103 /* VehiclePhotoCatalogTests.swift */ = {isa = PBXFileReference; lastKnownFileType = sourcecode.swift; path = VehiclePhotoCatalogTests.swift; sourceTree = "<group>"; };
		300000000000000000000103 /* TripStoreTests.swift */ = {isa = PBXFileReference; lastKnownFileType = sourcecode.swift; path = TripStoreTests.swift; sourceTree = "<group>"; };
		400000000000000000000102 /* MotionActivityServiceTests.swift */ = {isa = PBXFileReference; lastKnownFileType = sourcecode.swift; path = MotionActivityServiceTests.swift; sourceTree = "<group>"; };
		600000000000000000000101 /* LocationServiceTests.swift */ = {isa = PBXFileReference; lastKnownFileType = sourcecode.swift; path = LocationServiceTests.swift; sourceTree = "<group>"; };
		700000000000000000000101 /* BackendAPIClient.swift */ = {isa = PBXFileReference; lastKnownFileType = sourcecode.swift; path = Services/BackendAPIClient.swift; sourceTree = "<group>"; };
		700000000000000000000102 /* MedicalVault.swift */ = {isa = PBXFileReference; lastKnownFileType = sourcecode.swift; path = Services/MedicalVault.swift; sourceTree = "<group>"; };
		800000000000000000000101 /* BurkinaPhoneNumber.swift */ = {isa = PBXFileReference; lastKnownFileType = sourcecode.swift; path = Services/BurkinaPhoneNumber.swift; sourceTree = "<group>"; };
		800000000000000000000102 /* AssistanceDiagnosticsTests.swift */ = {isa = PBXFileReference; lastKnownFileType = sourcecode.swift; path = AssistanceDiagnosticsTests.swift; sourceTree = "<group>"; };
		900000000000000000000101 /* ScoreEngine.swift */ = {isa = PBXFileReference; lastKnownFileType = sourcecode.swift; path = Services/ScoreEngine.swift; sourceTree = "<group>"; };
		900000000000000000000102 /* NetworkStatusService.swift */ = {isa = PBXFileReference; lastKnownFileType = sourcecode.swift; path = Services/NetworkStatusService.swift; sourceTree = "<group>"; };
		900000000000000000000103 /* ScoreEngineTests.swift */ = {isa = PBXFileReference; lastKnownFileType = sourcecode.swift; path = ScoreEngineTests.swift; sourceTree = "<group>"; };
		900000000000000000000104 /* NetworkStatusServiceTests.swift */ = {isa = PBXFileReference; lastKnownFileType = sourcecode.swift; path = NetworkStatusServiceTests.swift; sourceTree = "<group>"; };
		900000000000000000000105 /* TripManagerTests.swift */ = {isa = PBXFileReference; lastKnownFileType = sourcecode.swift; path = TripManagerTests.swift; sourceTree = "<group>"; };
		900000000000000000000106 /* TripReliability.swift */ = {isa = PBXFileReference; lastKnownFileType = sourcecode.swift; path = Services/TripReliability.swift; sourceTree = "<group>"; };
		900000000000000000000107 /* TripReliabilityTests.swift */ = {isa = PBXFileReference; lastKnownFileType = sourcecode.swift; path = TripReliabilityTests.swift; sourceTree = "<group>"; };
		900000000000000000000108 /* VehicleFuelCatalog.swift */ = {isa = PBXFileReference; lastKnownFileType = sourcecode.swift; path = Services/VehicleFuelCatalog.swift; sourceTree = "<group>"; };
		900000000000000000000109 /* VehicleFuelCatalogTests.swift */ = {isa = PBXFileReference; lastKnownFileType = sourcecode.swift; path = VehicleFuelCatalogTests.swift; sourceTree = "<group>"; };
		90000000000000000000010A /* TripQualityEngine.swift */ = {isa = PBXFileReference; lastKnownFileType = sourcecode.swift; path = Services/TripQualityEngine.swift; sourceTree = "<group>"; };
		90000000000000000000010B /* TripQualityEngineTests.swift */ = {isa = PBXFileReference; lastKnownFileType = sourcecode.swift; path = TripQualityEngineTests.swift; sourceTree = "<group>"; };
		910000000000000000000101 /* ActiveTripJournal.swift */ = {isa = PBXFileReference; lastKnownFileType = sourcecode.swift; path = Persistence/ActiveTripJournal.swift; sourceTree = "<group>"; };
		910000000000000000000102 /* TripRecorder.swift */ = {isa = PBXFileReference; lastKnownFileType = sourcecode.swift; path = Services/TripRecorder.swift; sourceTree = "<group>"; };
		910000000000000000000103 /* ActiveTripJournalTests.swift */ = {isa = PBXFileReference; lastKnownFileType = sourcecode.swift; path = ActiveTripJournalTests.swift; sourceTree = "<group>"; };
		910000000000000000000104 /* TripRecorderTests.swift */ = {isa = PBXFileReference; lastKnownFileType = sourcecode.swift; path = TripRecorderTests.swift; sourceTree = "<group>"; };
		920000000000000000000101 /* DrivingDynamics.swift */ = {isa = PBXFileReference; lastKnownFileType = sourcecode.swift; path = Services/DrivingDynamics.swift; sourceTree = "<group>"; };
		920000000000000000000102 /* MaintenanceStore.swift */ = {isa = PBXFileReference; lastKnownFileType = sourcecode.swift; path = Services/MaintenanceStore.swift; sourceTree = "<group>"; };
		920000000000000000000103 /* DrivingDynamicsTests.swift */ = {isa = PBXFileReference; lastKnownFileType = sourcecode.swift; path = DrivingDynamicsTests.swift; sourceTree = "<group>"; };
		920000000000000000000104 /* MaintenanceStoreTests.swift */ = {isa = PBXFileReference; lastKnownFileType = sourcecode.swift; path = MaintenanceStoreTests.swift; sourceTree = "<group>"; };
/* End PBXFileReference section */

/* Begin PBXFrameworksBuildPhase section */
		100000000000000000000201 /* Frameworks */ = {isa = PBXFrameworksBuildPhase; buildActionMask = 2147483647; files = ( ); runOnlyForDeploymentPostprocessing = 0; };
		200000000000000000000201 /* Frameworks */ = {isa = PBXFrameworksBuildPhase; buildActionMask = 2147483647; files = ( ); runOnlyForDeploymentPostprocessing = 0; };
/* End PBXFrameworksBuildPhase section */

/* Begin PBXGroup section */
		100000000000000000000301 = {
			isa = PBXGroup;
			children = (
				100000000000000000000302 /* Viim */,
				200000000000000000000301 /* ViimTests */,
				100000000000000000000303 /* Products */,
			);
			sourceTree = "<group>";
		};
		100000000000000000000302 /* Viim */ = {
			isa = PBXGroup;
			children = (
				100000000000000000000101 /* ViimApp.swift */,
				100000000000000000000102 /* RootTabView.swift */,
				100000000000000000000305 /* Onboarding */,
				100000000000000000000103 /* ViimColors.swift */,
				100000000000000000000104 /* ViimCard.swift */,
				100000000000000000000105 /* AccueilView.swift */,
				100000000000000000000106 /* ConduiteView.swift */,
				100000000000000000000107 /* AssistanceView.swift */,
				100000000000000000000108 /* PreventionView.swift */,
				100000000000000000000109 /* ProfilView.swift */,
				10000000000000000000010A /* VehicleType.swift */,
				200000000000000000000101 /* VehiclePhotoCatalog.swift */,
				300000000000000000000102 /* TripManager.swift */,
				400000000000000000000101 /* MotionActivityService.swift */,
				500000000000000000000101 /* ViimDiagnostics.swift */,
				700000000000000000000101 /* BackendAPIClient.swift */,
				700000000000000000000102 /* MedicalVault.swift */,
				800000000000000000000101 /* BurkinaPhoneNumber.swift */,
				900000000000000000000101 /* ScoreEngine.swift */,
				900000000000000000000102 /* NetworkStatusService.swift */,
				900000000000000000000106 /* TripReliability.swift */,
				90000000000000000000010A /* TripQualityEngine.swift */,
				900000000000000000000108 /* VehicleFuelCatalog.swift */,
				920000000000000000000101 /* DrivingDynamics.swift */,
				920000000000000000000102 /* MaintenanceStore.swift */,
				910000000000000000000102 /* TripRecorder.swift */,
				10000000000000000000010B /* SensorFiltering.swift */,
				10000000000000000000010C /* LocationService.swift */,
				10000000000000000000010D /* PersistenceController.swift */,
				910000000000000000000101 /* ActiveTripJournal.swift */,
				300000000000000000000101 /* TripStore.swift */,
				100000000000000000000304 /* Resources */,
			);
			path = Viim;
			sourceTree = "<group>";
		};
		100000000000000000000303 /* Products */ = {
			isa = PBXGroup;
			children = (
				100000000000000000000113 /* Viim.app */,
				200000000000000000000102 /* ViimTests.xctest */,
			);
			name = Products;
			sourceTree = "<group>";
		};
		100000000000000000000304 /* Resources */ = {
			isa = PBXGroup;
			children = (
				100000000000000000000111 /* Info.plist */,
				100000000000000000000116 /* LaunchScreen.storyboard */,
				100000000000000000000112 /* Viim.entitlements */,
				10000000000000000000010E /* Localizable.strings */,
				10000000000000000000010F /* InfoPlist.strings */,
				100000000000000000000110 /* Assets.xcassets */,
			);
			path = Resources;
			sourceTree = "<group>";
		};
		100000000000000000000305 /* Onboarding */ = {
			isa = PBXGroup;
			children = (
				100000000000000000000114 /* OnboardingStore.swift */,
				100000000000000000000115 /* OnboardingView.swift */,
			);
			path = Onboarding;
			sourceTree = "<group>";
		};
		200000000000000000000301 /* ViimTests */ = {
			isa = PBXGroup;
			children = (
				200000000000000000000103 /* VehiclePhotoCatalogTests.swift */,
				300000000000000000000103 /* TripStoreTests.swift */,
				400000000000000000000102 /* MotionActivityServiceTests.swift */,
				600000000000000000000101 /* LocationServiceTests.swift */,
				800000000000000000000102 /* AssistanceDiagnosticsTests.swift */,
				900000000000000000000103 /* ScoreEngineTests.swift */,
				900000000000000000000104 /* NetworkStatusServiceTests.swift */,
				900000000000000000000105 /* TripManagerTests.swift */,
				900000000000000000000107 /* TripReliabilityTests.swift */,
				90000000000000000000010B /* TripQualityEngineTests.swift */,
				900000000000000000000109 /* VehicleFuelCatalogTests.swift */,
				910000000000000000000103 /* ActiveTripJournalTests.swift */,
				910000000000000000000104 /* TripRecorderTests.swift */,
				920000000000000000000103 /* DrivingDynamicsTests.swift */,
				920000000000000000000104 /* MaintenanceStoreTests.swift */,
			);
			path = ViimTests;
			sourceTree = "<group>";
		};
/* End PBXGroup section */

/* Begin PBXNativeTarget section */
		100000000000000000000401 /* Viim */ = {
			isa = PBXNativeTarget;
			buildConfigurationList = 100000000000000000000801 /* Build configuration list for PBXNativeTarget "Viim" */;
			buildPhases = (
				100000000000000000000501 /* Sources */,
				100000000000000000000201 /* Frameworks */,
				100000000000000000000502 /* Resources */,
			);
			buildRules = ( );
			dependencies = ( );
			name = Viim;
			productName = Viim;
			productReference = 100000000000000000000113 /* Viim.app */;
			productType = "com.apple.product-type.application";
		};
		200000000000000000000401 /* ViimTests */ = {
			isa = PBXNativeTarget;
			buildConfigurationList = 200000000000000000000801 /* Build configuration list for PBXNativeTarget "ViimTests" */;
			buildPhases = (
				200000000000000000000501 /* Sources */,
				200000000000000000000201 /* Frameworks */,
				200000000000000000000502 /* Resources */,
			);
			buildRules = ( );
			dependencies = (
				200000000000000000000901 /* PBXTargetDependency */,
			);
			name = ViimTests;
			productName = ViimTests;
			productReference = 200000000000000000000102 /* ViimTests.xctest */;
			productType = "com.apple.product-type.bundle.unit-test";
		};
/* End PBXNativeTarget section */

/* Begin PBXProject section */
		100000000000000000000601 /* Project object */ = {
			isa = PBXProject;
			attributes = {
				BuildIndependentTargetsInParallel = 1;
				LastSwiftUpdateCheck = 2600;
				LastUpgradeCheck = 2600;
				TargetAttributes = {
					100000000000000000000401 = {
						CreatedOnToolsVersion = 26.6;
						DevelopmentTeam = MJJ6A56JHS;
						ProvisioningStyle = Automatic;
						SystemCapabilities = {
							com.apple.Push = {
								enabled = 1;
							};
						};
					};
					200000000000000000000401 = {
						CreatedOnToolsVersion = 26.6;
						DevelopmentTeam = MJJ6A56JHS;
						ProvisioningStyle = Automatic;
						TestTargetID = 100000000000000000000401;
					};
				};
			};
			buildConfigurationList = 100000000000000000000802 /* Build configuration list for PBXProject "Viim" */;
			compatibilityVersion = "Xcode 15.0";
			developmentRegion = fr;
			hasScannedForEncodings = 0;
			knownRegions = (
				fr,
				en,
				Base,
			);
			mainGroup = 100000000000000000000301;
			productRefGroup = 100000000000000000000303 /* Products */;
			projectDirPath = "";
			projectRoot = "";
			targets = (
				100000000000000000000401 /* Viim */,
				200000000000000000000401 /* ViimTests */,
			);
		};
/* End PBXProject section */

/* Begin PBXResourcesBuildPhase section */
		100000000000000000000502 /* Resources */ = {
			isa = PBXResourcesBuildPhase;
			buildActionMask = 2147483647;
			files = (
				10000000000000000000000E /* Localizable.strings in Resources */,
				10000000000000000000000F /* InfoPlist.strings in Resources */,
				100000000000000000000010 /* Assets.xcassets in Resources */,
				100000000000000000000013 /* LaunchScreen.storyboard in Resources */,
			);
			runOnlyForDeploymentPostprocessing = 0;
		};
		200000000000000000000502 /* Resources */ = {
			isa = PBXResourcesBuildPhase;
			buildActionMask = 2147483647;
			files = ( );
			runOnlyForDeploymentPostprocessing = 0;
		};
/* End PBXResourcesBuildPhase section */

/* Begin PBXSourcesBuildPhase section */
		100000000000000000000501 /* Sources */ = {
			isa = PBXSourcesBuildPhase;
			buildActionMask = 2147483647;
			files = (
				100000000000000000000001 /* ViimApp.swift in Sources */,
				100000000000000000000002 /* RootTabView.swift in Sources */,
				100000000000000000000003 /* ViimColors.swift in Sources */,
				100000000000000000000004 /* ViimCard.swift in Sources */,
				100000000000000000000005 /* AccueilView.swift in Sources */,
				100000000000000000000006 /* ConduiteView.swift in Sources */,
				100000000000000000000007 /* AssistanceView.swift in Sources */,
				100000000000000000000008 /* PreventionView.swift in Sources */,
				100000000000000000000009 /* ProfilView.swift in Sources */,
				10000000000000000000000A /* VehicleType.swift in Sources */,
				10000000000000000000000B /* SensorFiltering.swift in Sources */,
				10000000000000000000000C /* LocationService.swift in Sources */,
				10000000000000000000000D /* PersistenceController.swift in Sources */,
				100000000000000000000011 /* OnboardingStore.swift in Sources */,
				100000000000000000000012 /* OnboardingView.swift in Sources */,
				200000000000000000000001 /* VehiclePhotoCatalog.swift in Sources */,
				300000000000000000000001 /* TripStore.swift in Sources */,
				300000000000000000000002 /* TripManager.swift in Sources */,
				400000000000000000000001 /* MotionActivityService.swift in Sources */,
				500000000000000000000001 /* ViimDiagnostics.swift in Sources */,
				700000000000000000000001 /* BackendAPIClient.swift in Sources */,
				700000000000000000000002 /* MedicalVault.swift in Sources */,
				800000000000000000000001 /* BurkinaPhoneNumber.swift in Sources */,
				900000000000000000000001 /* ScoreEngine.swift in Sources */,
				900000000000000000000002 /* NetworkStatusService.swift in Sources */,
				900000000000000000000006 /* TripReliability.swift in Sources */,
				90000000000000000000000A /* TripQualityEngine.swift in Sources */,
				900000000000000000000008 /* VehicleFuelCatalog.swift in Sources */,
				920000000000000000000001 /* DrivingDynamics.swift in Sources */,
				920000000000000000000002 /* MaintenanceStore.swift in Sources */,
				910000000000000000000001 /* ActiveTripJournal.swift in Sources */,
				910000000000000000000002 /* TripRecorder.swift in Sources */,
			);
			runOnlyForDeploymentPostprocessing = 0;
		};
		200000000000000000000501 /* Sources */ = {
			isa = PBXSourcesBuildPhase;
			buildActionMask = 2147483647;
			files = (
				200000000000000000000002 /* VehiclePhotoCatalogTests.swift in Sources */,
				300000000000000000000003 /* TripStoreTests.swift in Sources */,
				400000000000000000000002 /* MotionActivityServiceTests.swift in Sources */,
				600000000000000000000001 /* LocationServiceTests.swift in Sources */,
				800000000000000000000002 /* AssistanceDiagnosticsTests.swift in Sources */,
				900000000000000000000003 /* ScoreEngineTests.swift in Sources */,
				900000000000000000000004 /* NetworkStatusServiceTests.swift in Sources */,
				900000000000000000000005 /* TripManagerTests.swift in Sources */,
				900000000000000000000007 /* TripReliabilityTests.swift in Sources */,
				90000000000000000000000B /* TripQualityEngineTests.swift in Sources */,
				900000000000000000000009 /* VehicleFuelCatalogTests.swift in Sources */,
				910000000000000000000003 /* ActiveTripJournalTests.swift in Sources */,
				910000000000000000000004 /* TripRecorderTests.swift in Sources */,
				920000000000000000000003 /* DrivingDynamicsTests.swift in Sources */,
				920000000000000000000004 /* MaintenanceStoreTests.swift in Sources */,
			);
			runOnlyForDeploymentPostprocessing = 0;
		};
/* End PBXSourcesBuildPhase section */

/* Begin PBXTargetDependency section */
		200000000000000000000901 /* PBXTargetDependency */ = {
			isa = PBXTargetDependency;
			target = 100000000000000000000401 /* Viim */;
			targetProxy = 200000000000000000000902 /* PBXContainerItemProxy */;
		};
/* End PBXTargetDependency section */

/* Begin XCBuildConfiguration section */
		100000000000000000000701 /* Debug */ = {
			isa = XCBuildConfiguration;
			buildSettings = {
				ALWAYS_SEARCH_USER_PATHS = NO;
				CLANG_ANALYZER_NONNULL = YES;
				CLANG_ANALYZER_NUMBER_OBJECT_CONVERSION = YES_AGGRESSIVE;
				CLANG_CXX_LANGUAGE_STANDARD = "gnu++20";
				CLANG_ENABLE_MODULES = YES;
				CLANG_ENABLE_OBJC_ARC = YES;
				CLANG_ENABLE_OBJC_WEAK = YES;
				CLANG_WARN_BLOCK_CAPTURE_AUTORELEASING = YES;
				CLANG_WARN_BOOL_CONVERSION = YES;
				CLANG_WARN_COMMA = YES;
				CLANG_WARN_CONSTANT_CONVERSION = YES;
				CLANG_WARN_DEPRECATED_OBJC_IMPLEMENTATIONS = YES;
				CLANG_WARN_DIRECT_OBJC_ISA_USAGE = YES_ERROR;
				CLANG_WARN_DOCUMENTATION_COMMENTS = YES;
				CLANG_WARN_EMPTY_BODY = YES;
				CLANG_WARN_ENUM_CONVERSION = YES;
				CLANG_WARN_INFINITE_RECURSION = YES;
				CLANG_WARN_INT_CONVERSION = YES;
				CLANG_WARN_NON_LITERAL_NULL_CONVERSION = YES;
				CLANG_WARN_OBJC_IMPLICIT_RETAIN_SELF = YES;
				CLANG_WARN_OBJC_LITERAL_CONVERSION = YES;
				CLANG_WARN_OBJC_ROOT_CLASS = YES_ERROR;
				CLANG_WARN_QUOTED_INCLUDE_IN_FRAMEWORK_HEADER = YES;
				CLANG_WARN_RANGE_LOOP_ANALYSIS = YES;
				CLANG_WARN_STRICT_PROTOTYPES = YES;
				CLANG_WARN_SUSPICIOUS_MOVE = YES;
				CLANG_WARN_UNGUARDED_AVAILABILITY = YES_AGGRESSIVE;
				CLANG_WARN_UNREACHABLE_CODE = YES;
				CLANG_WARN__DUPLICATE_METHOD_MATCH = YES;
				COPY_PHASE_STRIP = NO;
				DEBUG_INFORMATION_FORMAT = dwarf;
				ENABLE_STRICT_OBJC_MSGSEND = YES;
				ENABLE_TESTABILITY = YES;
				ENABLE_USER_SCRIPT_SANDBOXING = YES;
				GCC_C_LANGUAGE_STANDARD = gnu17;
				GCC_DYNAMIC_NO_PIC = NO;
				GCC_NO_COMMON_BLOCKS = YES;
				GCC_OPTIMIZATION_LEVEL = 0;
				GCC_PREPROCESSOR_DEFINITIONS = (
					"DEBUG=1",
					"$(inherited)",
				);
				GCC_WARN_64_TO_32_BIT_CONVERSION = YES;
				GCC_WARN_ABOUT_RETURN_TYPE = YES_ERROR;
				GCC_WARN_UNDECLARED_SELECTOR = YES;
				GCC_WARN_UNINITIALIZED_AUTOS = YES_AGGRESSIVE;
				GCC_WARN_UNUSED_FUNCTION = YES;
				GCC_WARN_UNUSED_VARIABLE = YES;
				IPHONEOS_DEPLOYMENT_TARGET = 16.0;
				MTL_ENABLE_DEBUG_INFO = INCLUDE_SOURCE;
				MTL_FAST_MATH = YES;
				ONLY_ACTIVE_ARCH = YES;
				SDKROOT = iphoneos;
				SWIFT_ACTIVE_COMPILATION_CONDITIONS = DEBUG;
				SWIFT_OPTIMIZATION_LEVEL = "-Onone";
			};
			name = Debug;
		};
		100000000000000000000702 /* Release */ = {
			isa = XCBuildConfiguration;
			buildSettings = {
				ALWAYS_SEARCH_USER_PATHS = NO;
				CLANG_ANALYZER_NONNULL = YES;
				CLANG_ANALYZER_NUMBER_OBJECT_CONVERSION = YES_AGGRESSIVE;
				CLANG_CXX_LANGUAGE_STANDARD = "gnu++20";
				CLANG_ENABLE_MODULES = YES;
				CLANG_ENABLE_OBJC_ARC = YES;
				CLANG_ENABLE_OBJC_WEAK = YES;
				CLANG_WARN_BLOCK_CAPTURE_AUTORELEASING = YES;
				CLANG_WARN_BOOL_CONVERSION = YES;
				CLANG_WARN_COMMA = YES;
				CLANG_WARN_CONSTANT_CONVERSION = YES;
				CLANG_WARN_DEPRECATED_OBJC_IMPLEMENTATIONS = YES;
				CLANG_WARN_DIRECT_OBJC_ISA_USAGE = YES_ERROR;
				CLANG_WARN_DOCUMENTATION_COMMENTS = YES;
				CLANG_WARN_EMPTY_BODY = YES;
				CLANG_WARN_ENUM_CONVERSION = YES;
				CLANG_WARN_INFINITE_RECURSION = YES;
				CLANG_WARN_INT_CONVERSION = YES;
				CLANG_WARN_NON_LITERAL_NULL_CONVERSION = YES;
				CLANG_WARN_OBJC_IMPLICIT_RETAIN_SELF = YES;
				CLANG_WARN_OBJC_LITERAL_CONVERSION = YES;
				CLANG_WARN_OBJC_ROOT_CLASS = YES_ERROR;
				CLANG_WARN_QUOTED_INCLUDE_IN_FRAMEWORK_HEADER = YES;
				CLANG_WARN_RANGE_LOOP_ANALYSIS = YES;
				CLANG_WARN_STRICT_PROTOTYPES = YES;
				CLANG_WARN_SUSPICIOUS_MOVE = YES;
				CLANG_WARN_UNGUARDED_AVAILABILITY = YES_AGGRESSIVE;
				CLANG_WARN_UNREACHABLE_CODE = YES;
				CLANG_WARN__DUPLICATE_METHOD_MATCH = YES;
				COPY_PHASE_STRIP = NO;
				DEBUG_INFORMATION_FORMAT = "dwarf-with-dsym";
				ENABLE_NS_ASSERTIONS = NO;
				ENABLE_STRICT_OBJC_MSGSEND = YES;
				ENABLE_USER_SCRIPT_SANDBOXING = YES;
				GCC_C_LANGUAGE_STANDARD = gnu17;
				GCC_NO_COMMON_BLOCKS = YES;
				GCC_WARN_64_TO_32_BIT_CONVERSION = YES;
				GCC_WARN_ABOUT_RETURN_TYPE = YES_ERROR;
				GCC_WARN_UNDECLARED_SELECTOR = YES;
				GCC_WARN_UNINITIALIZED_AUTOS = YES_AGGRESSIVE;
				GCC_WARN_UNUSED_FUNCTION = YES;
				GCC_WARN_UNUSED_VARIABLE = YES;
				IPHONEOS_DEPLOYMENT_TARGET = 16.0;
				MTL_ENABLE_DEBUG_INFO = NO;
				MTL_FAST_MATH = YES;
				SDKROOT = iphoneos;
				SWIFT_COMPILATION_MODE = wholemodule;
				VALIDATE_PRODUCT = YES;
			};
			name = Release;
		};
		100000000000000000000703 /* Debug */ = {
			isa = XCBuildConfiguration;
			buildSettings = {
				ASSETCATALOG_COMPILER_GLOBAL_ACCENT_COLOR_NAME = AccentColor;
				ASSETCATALOG_COMPILER_APPICON_NAME = AppIcon;
				CODE_SIGN_ENTITLEMENTS = Viim/Resources/Viim.entitlements;
				CODE_SIGN_STYLE = Automatic;
				CURRENT_PROJECT_VERSION = 16;
				DEVELOPMENT_TEAM = MJJ6A56JHS;
				GENERATE_INFOPLIST_FILE = NO;
				INFOPLIST_FILE = Viim/Resources/Info.plist;
				IPHONEOS_DEPLOYMENT_TARGET = 16.0;
				MARKETING_VERSION = 0.1.0;
				PRODUCT_BUNDLE_IDENTIFIER = com.yamstack.viim;
				PRODUCT_NAME = "$(TARGET_NAME)";
				SUPPORTED_PLATFORMS = "iphoneos iphonesimulator";
				SUPPORTS_MACCATALYST = NO;
				SWIFT_VERSION = 5.0;
				TARGETED_DEVICE_FAMILY = 1;
				VIIM_BUILD_DATE = local;
				VIIM_GIT_SHA = local;
			};
			name = Debug;
		};
		100000000000000000000704 /* Release */ = {
			isa = XCBuildConfiguration;
			buildSettings = {
				ASSETCATALOG_COMPILER_GLOBAL_ACCENT_COLOR_NAME = AccentColor;
				ASSETCATALOG_COMPILER_APPICON_NAME = AppIcon;
				CODE_SIGN_ENTITLEMENTS = Viim/Resources/Viim.entitlements;
				CODE_SIGN_STYLE = Automatic;
				CURRENT_PROJECT_VERSION = 16;
				DEVELOPMENT_TEAM = MJJ6A56JHS;
				GENERATE_INFOPLIST_FILE = NO;
				INFOPLIST_FILE = Viim/Resources/Info.plist;
				IPHONEOS_DEPLOYMENT_TARGET = 16.0;
				MARKETING_VERSION = 0.1.0;
				PRODUCT_BUNDLE_IDENTIFIER = com.yamstack.viim;
				PRODUCT_NAME = "$(TARGET_NAME)";
				SUPPORTED_PLATFORMS = "iphoneos iphonesimulator";
				SUPPORTS_MACCATALYST = NO;
				SWIFT_VERSION = 5.0;
				TARGETED_DEVICE_FAMILY = 1;
				VIIM_BUILD_DATE = local;
				VIIM_GIT_SHA = local;
			};
			name = Release;
		};
		200000000000000000000703 /* Debug */ = {
			isa = XCBuildConfiguration;
			buildSettings = {
				BUNDLE_LOADER = "$(TEST_HOST)";
				CODE_SIGN_STYLE = Automatic;
				CURRENT_PROJECT_VERSION = 1;
				DEVELOPMENT_TEAM = MJJ6A56JHS;
				GENERATE_INFOPLIST_FILE = YES;
				IPHONEOS_DEPLOYMENT_TARGET = 16.0;
				MARKETING_VERSION = 0.1.0;
				PRODUCT_BUNDLE_IDENTIFIER = com.yamstack.viim.tests;
				PRODUCT_NAME = "$(TARGET_NAME)";
				SUPPORTED_PLATFORMS = "iphoneos iphonesimulator";
				SWIFT_VERSION = 5.0;
				TARGETED_DEVICE_FAMILY = 1;
				TEST_HOST = "$(BUILT_PRODUCTS_DIR)/Viim.app/$(BUNDLE_EXECUTABLE_FOLDER_PATH)/Viim";
			};
			name = Debug;
		};
		200000000000000000000704 /* Release */ = {
			isa = XCBuildConfiguration;
			buildSettings = {
				BUNDLE_LOADER = "$(TEST_HOST)";
				CODE_SIGN_STYLE = Automatic;
				CURRENT_PROJECT_VERSION = 1;
				DEVELOPMENT_TEAM = MJJ6A56JHS;
				GENERATE_INFOPLIST_FILE = YES;
				IPHONEOS_DEPLOYMENT_TARGET = 16.0;
				MARKETING_VERSION = 0.1.0;
				PRODUCT_BUNDLE_IDENTIFIER = com.yamstack.viim.tests;
				PRODUCT_NAME = "$(TARGET_NAME)";
				SUPPORTED_PLATFORMS = "iphoneos iphonesimulator";
				SWIFT_VERSION = 5.0;
				TARGETED_DEVICE_FAMILY = 1;
				TEST_HOST = "$(BUILT_PRODUCTS_DIR)/Viim.app/$(BUNDLE_EXECUTABLE_FOLDER_PATH)/Viim";
			};
			name = Release;
		};
/* End XCBuildConfiguration section */

/* Begin XCConfigurationList section */
		100000000000000000000801 /* Build configuration list for PBXNativeTarget "Viim" */ = {
			isa = XCConfigurationList;
			buildConfigurations = (
				100000000000000000000703 /* Debug */,
				100000000000000000000704 /* Release */,
			);
			defaultConfigurationIsVisible = 0;
			defaultConfigurationName = Release;
		};
		100000000000000000000802 /* Build configuration list for PBXProject "Viim" */ = {
			isa = XCConfigurationList;
			buildConfigurations = (
				100000000000000000000701 /* Debug */,
				100000000000000000000702 /* Release */,
			);
			defaultConfigurationIsVisible = 0;
			defaultConfigurationName = Release;
		};
		200000000000000000000801 /* Build configuration list for PBXNativeTarget "ViimTests" */ = {
			isa = XCConfigurationList;
			buildConfigurations = (
				200000000000000000000703 /* Debug */,
				200000000000000000000704 /* Release */,
			);
			defaultConfigurationIsVisible = 0;
			defaultConfigurationName = Release;
		};
/* End XCConfigurationList section */
	};
	rootObject = 100000000000000000000601 /* Project object */;
}
